
Microsoft Visual Studio Solution File, Format Version 12.00
# Visual Studio Version 17
VisualStudioVersion = 17.8.34525.116
MinimumVisualStudioVersion = 10.0.40219.1
Project("{FAE04EC0-301F-11D3-BF4B-00C04F79EFBC}") = "Sem 4", "Sem 4.csproj", "{51D113BC-0D8C-41E9-9180-F1563604D539}"
EndProject
Global
	GlobalSection(SolutionConfigurationPlatforms) = preSolution
		Debug|Any CPU = Debug|Any CPU
		Release|Any CPU = Release|Any CPU
	EndGlobalSection
	GlobalSection(ProjectConfigurationPlatforms) = postSolution
		{51D113BC-0D8C-41E9-9180-F1563604D539}.Debug|Any CPU.ActiveCfg = Debug|Any CPU
		{51D113BC-0D8C-41E9-9180-F1563604D539}.Debug|Any CPU.Build.0 = Debug|Any CPU
		{51D113BC-0D8C-41E9-9180-F1563604D539}.Release|Any CPU.ActiveCfg = Release|Any CPU
		{51D113BC-0D8C-41E9-9180-F1563604D539}.Release|Any CPU.Build.0 = Release|Any CPU
	EndGlobalSection
	GlobalSection(SolutionProperties) = preSolution
		HideSolutionNode = FALSE
	EndGlobalSection
	GlobalSection(ExtensibilityGlobals) = postSolution
		SolutionGuid = {0A7F85F0-9C2E-4D5D-A070-1F5B6724F1B5}
	EndGlobalSection
EndGlobal
